
Microsoft Visual Studio Solution File, Format Version 12.00
# Visual Studio 15
VisualStudioVersion = 15.0.28307.438
MinimumVisualStudioVersion = 10.0.40219.1
Project("{FAE04EC0-301F-11D3-BF4B-00C04F79EFBC}") = "UnitTestDemo", "UnitTestDemo\UnitTestDemo.csproj", "{472DDA44-E25B-43BC-97DF-A7CAF6E4A50C}"
EndProject
Project("{9A19103F-16F7-4668-BE54-9A1E7A4F7556}") = "UnitTestExample", "..\UnitTestExample\UnitTestExample\UnitTestExample.csproj", "{8C6B6C7E-F286-4731-865F-23A5A3F39068}"
EndProject
Global
	GlobalSection(SolutionConfigurationPlatforms) = preSolution
		Debug|Any CPU = Debug|Any CPU
		Release|Any CPU = Release|Any CPU
	EndGlobalSection
	GlobalSection(ProjectConfigurationPlatforms) = postSolution
		{472DDA44-E25B-43BC-97DF-A7CAF6E4A50C}.Debug|Any CPU.ActiveCfg = Debug|Any CPU
		{472DDA44-E25B-43BC-97DF-A7CAF6E4A50C}.Debug|Any CPU.Build.0 = Debug|Any CPU
		{472DDA44-E25B-43BC-97DF-A7CAF6E4A50C}.Release|Any CPU.ActiveCfg = Release|Any CPU
		{472DDA44-E25B-43BC-97DF-A7CAF6E4A50C}.Release|Any CPU.Build.0 = Release|Any CPU
		{8C6B6C7E-F286-4731-865F-23A5A3F39068}.Debug|Any CPU.ActiveCfg = Debug|Any CPU
		{8C6B6C7E-F286-4731-865F-23A5A3F39068}.Debug|Any CPU.Build.0 = Debug|Any CPU
		{8C6B6C7E-F286-4731-865F-23A5A3F39068}.Release|Any CPU.ActiveCfg = Release|Any CPU
		{8C6B6C7E-F286-4731-865F-23A5A3F39068}.Release|Any CPU.Build.0 = Release|Any CPU
	EndGlobalSection
	GlobalSection(SolutionProperties) = preSolution
		HideSolutionNode = FALSE
	EndGlobalSection
	GlobalSection(ExtensibilityGlobals) = postSolution
		SolutionGuid = {23C36D45-8CE6-4734-972D-DA441DD05FF3}
	EndGlobalSection
EndGlobal
