
Microsoft Visual Studio Solution File, Format Version 12.00
# Visual Studio 15
VisualStudioVersion = 15.0.28307.438
MinimumVisualStudioVersion = 10.0.40219.1
Project("{9A19103F-16F7-4668-BE54-9A1E7A4F7556}") = "UnitTestExample", "UnitTestExample\UnitTestExample.csproj", "{BAC1F204-8109-47C3-A189-1C32AB583958}"
EndProject
Project("{9A19103F-16F7-4668-BE54-9A1E7A4F7556}") = "UnitTestDemo", "UnitTestDemo\UnitTestDemo.csproj", "{BADFE349-B8B7-4F70-9965-214D7DAE2126}"
EndProject
Project("{FAE04EC0-301F-11D3-BF4B-00C04F79EFBC}") = "CalculatorApp", "CalculatorApp\CalculatorApp.csproj", "{161717DE-2EBE-4610-84CD-041A705CC0A0}"
EndProject
Global
	GlobalSection(SolutionConfigurationPlatforms) = preSolution
		Debug|Any CPU = Debug|Any CPU
		Release|Any CPU = Release|Any CPU
	EndGlobalSection
	GlobalSection(ProjectConfigurationPlatforms) = postSolution
		{BAC1F204-8109-47C3-A189-1C32AB583958}.Debug|Any CPU.ActiveCfg = Debug|Any CPU
		{BAC1F204-8109-47C3-A189-1C32AB583958}.Debug|Any CPU.Build.0 = Debug|Any CPU
		{BAC1F204-8109-47C3-A189-1C32AB583958}.Release|Any CPU.ActiveCfg = Release|Any CPU
		{BAC1F204-8109-47C3-A189-1C32AB583958}.Release|Any CPU.Build.0 = Release|Any CPU
		{BADFE349-B8B7-4F70-9965-214D7DAE2126}.Debug|Any CPU.ActiveCfg = Debug|Any CPU
		{BADFE349-B8B7-4F70-9965-214D7DAE2126}.Debug|Any CPU.Build.0 = Debug|Any CPU
		{BADFE349-B8B7-4F70-9965-214D7DAE2126}.Release|Any CPU.ActiveCfg = Release|Any CPU
		{BADFE349-B8B7-4F70-9965-214D7DAE2126}.Release|Any CPU.Build.0 = Release|Any CPU
		{161717DE-2EBE-4610-84CD-041A705CC0A0}.Debug|Any CPU.ActiveCfg = Debug|Any CPU
		{161717DE-2EBE-4610-84CD-041A705CC0A0}.Debug|Any CPU.Build.0 = Debug|Any CPU
		{161717DE-2EBE-4610-84CD-041A705CC0A0}.Release|Any CPU.ActiveCfg = Release|Any CPU
		{161717DE-2EBE-4610-84CD-041A705CC0A0}.Release|Any CPU.Build.0 = Release|Any CPU
	EndGlobalSection
	GlobalSection(SolutionProperties) = preSolution
		HideSolutionNode = FALSE
	EndGlobalSection
	GlobalSection(ExtensibilityGlobals) = postSolution
		SolutionGuid = {457D5616-BE56-4D32-9123-CAC3E4DB7307}
	EndGlobalSection
EndGlobal
